
Microsoft Visual Studio Solution File, Format Version 11.00
# Visual C# Express 2010
Project("{FAE04EC0-301F-11D3-BF4B-00C04F79EFBC}") = "Squareosity", "Squareosity\Squareosity\Squareosity.csproj", "{0BEF960F-6D89-4151-8780-6B5D2382F101}"
EndProject
Project("{FAE04EC0-301F-11D3-BF4B-00C04F79EFBC}") = "SquareosityContent", "Squareosity\SquareosityContent\SquareosityContent.contentproj", "{AE22B84C-8F79-4FB9-9431-46B87239AEBE}"
EndProject
Project("{FAE04EC0-301F-11D3-BF4B-00C04F79EFBC}") = "Farseer Physics XNA", "Farseer Physics Engine 3.3 XNA\Farseer Physics XNA.csproj", "{0A850700-1ABB-4288-A391-6726B90EBEB9}"
EndProject
Project("{FAE04EC0-301F-11D3-BF4B-00C04F79EFBC}") = "GameStateManagement (Windows)", "GameStateManagement\GameStateManagement (Windows).csproj", "{0A551D79-F37E-4529-9CA0-3FD2E9EA715E}"
EndProject
Global
	GlobalSection(SolutionConfigurationPlatforms) = preSolution
		Debug|x86 = Debug|x86
		Release|x86 = Release|x86
	EndGlobalSection
	GlobalSection(ProjectConfigurationPlatforms) = postSolution
		{0BEF960F-6D89-4151-8780-6B5D2382F101}.Debug|x86.ActiveCfg = Debug|x86
		{0BEF960F-6D89-4151-8780-6B5D2382F101}.Debug|x86.Build.0 = Debug|x86
		{0BEF960F-6D89-4151-8780-6B5D2382F101}.Release|x86.ActiveCfg = Release|x86
		{0BEF960F-6D89-4151-8780-6B5D2382F101}.Release|x86.Build.0 = Release|x86
		{AE22B84C-8F79-4FB9-9431-46B87239AEBE}.Debug|x86.ActiveCfg = Debug|x86
		{AE22B84C-8F79-4FB9-9431-46B87239AEBE}.Release|x86.ActiveCfg = Release|x86
		{0A850700-1ABB-4288-A391-6726B90EBEB9}.Debug|x86.ActiveCfg = Debug|x86
		{0A850700-1ABB-4288-A391-6726B90EBEB9}.Debug|x86.Build.0 = Debug|x86
		{0A850700-1ABB-4288-A391-6726B90EBEB9}.Release|x86.ActiveCfg = Release|x86
		{0A850700-1ABB-4288-A391-6726B90EBEB9}.Release|x86.Build.0 = Release|x86
		{0A551D79-F37E-4529-9CA0-3FD2E9EA715E}.Debug|x86.ActiveCfg = Debug|x86
		{0A551D79-F37E-4529-9CA0-3FD2E9EA715E}.Debug|x86.Build.0 = Debug|x86
		{0A551D79-F37E-4529-9CA0-3FD2E9EA715E}.Release|x86.ActiveCfg = Release|x86
		{0A551D79-F37E-4529-9CA0-3FD2E9EA715E}.Release|x86.Build.0 = Release|x86
	EndGlobalSection
	GlobalSection(SolutionProperties) = preSolution
		HideSolutionNode = FALSE
	EndGlobalSection
EndGlobal
